// !$*UTF8*$!
{
	archiveVersion = 1;
	classes = {
	};
	objectVersion = 48;
	objects = {

/* Begin PBXBuildFile section */
		B234711020A379E100CFE81E /* AppDelegate.swift in Sources */ = {isa = PBXBuildFile; fileRef = B234710F20A379E100CFE81E /* AppDelegate.swift */; };
		B234711220A379E100CFE81E /* ViewController.swift in Sources */ = {isa = PBXBuildFile; fileRef = B234711120A379E100CFE81E /* ViewController.swift */; };
		B234711520A379E100CFE81E /* Main.storyboard in Resources */ = {isa = PBXBuildFile; fileRef = B234711320A379E100CFE81E /* Main.storyboard */; };
		B234711720A379E100CFE81E /* Assets.xcassets in Resources */ = {isa = PBXBuildFile; fileRef = B234711620A379E100CFE81E /* Assets.xcassets */; };
		B234711A20A379E100CFE81E /* LaunchScreen.storyboard in Resources */ = {isa = PBXBuildFile; fileRef = B234711820A379E100CFE81E /* LaunchScreen.storyboard */; };
/* End PBXBuildFile section */

/* Begin PBXFileReference section */
		B234710C20A379E100CFE81E /* ShopifyOrderSummaryPage.app */ = {isa = PBXFileReference; explicitFileType = wrapper.application; includeInIndex = 0; path = ShopifyOrderSummaryPage.app; sourceTree = BUILT_PRODUCTS_DIR; };
		B234710F20A379E100CFE81E /* AppDelegate.swift */ = {isa = PBXFileReference; lastKnownFileType = sourcecode.swift; path = AppDelegate.swift; sourceTree = "<group>"; };
		B234711120A379E100CFE81E /* ViewController.swift */ = {isa = PBXFileReference; lastKnownFileType = sourcecode.swift; path = ViewController.swift; sourceTree = "<group>"; };
		B234711420A379E100CFE81E /* Base */ = {isa = PBXFileReference; lastKnownFileType = file.storyboard; name = Base; path = Base.lproj/Main.storyboard; sourceTree = "<group>"; };
		B234711620A379E100CFE81E /* Assets.xcassets */ = {isa = PBXFileReference; lastKnownFileType = folder.assetcatalog; path = Assets.xcassets; sourceTree = "<group>"; };
		B234711920A379E100CFE81E /* Base */ = {isa = PBXFileReference; lastKnownFileType = file.storyboard; name = Base; path = Base.lproj/LaunchScreen.storyboard; sourceTree = "<group>"; };
		B234711B20A379E100CFE81E /* Info.plist */ = {isa = PBXFileReference; lastKnownFileType = text.plist.xml; path = Info.plist; sourceTree = "<group>"; };
/* End PBXFileReference section */

/* Begin PBXFrameworksBuildPhase section */
		B234710920A379E100CFE81E /* Frameworks */ = {
			isa = PBXFrameworksBuildPhase;
			buildActionMask = 2147483647;
			files = (
			);
			runOnlyForDeploymentPostprocessing = 0;
		};
/* End PBXFrameworksBuildPhase section */

/* Begin PBXGroup section */
		B234710320A379E100CFE81E = {
			isa = PBXGroup;
			children = (
				B234710E20A379E100CFE81E /* ShopifyOrderSummaryPage */,
				B234710D20A379E100CFE81E /* Products */,
			);
			sourceTree = "<group>";
		};
		B234710D20A379E100CFE81E /* Products */ = {
			isa = PBXGroup;
			children = (
				B234710C20A379E100CFE81E /* ShopifyOrderSummaryPage.app */,
			);
			name = Products;
			sourceTree = "<group>";
		};
		B234710E20A379E100CFE81E /* ShopifyOrderSummaryPage */ = {
			isa = PBXGroup;
			children = (
				B234710F20A379E100CFE81E /* AppDelegate.swift */,
				B234711120A379E100CFE81E /* ViewController.swift */,
				B234711320A379E100CFE81E /* Main.storyboard */,
				B234711620A379E100CFE81E /* Assets.xcassets */,
				B234711820A379E100CFE81E /* LaunchScreen.storyboard */,
				B234711B20A379E100CFE81E /* Info.plist */,
			);
			path = ShopifyOrderSummaryPage;
			sourceTree = "<group>";
		};
/* End PBXGroup section */

/* Begin PBXNativeTarget section */
		B234710B20A379E100CFE81E /* ShopifyOrderSummaryPage */ = {
			isa = PBXNativeTarget;
			buildConfigurationList = B234711E20A379E100CFE81E /* Build configuration list for PBXNativeTarget "ShopifyOrderSummaryPage" */;
			buildPhases = (
				B234710820A379E100CFE81E /* Sources */,
				B234710920A379E100CFE81E /* Frameworks */,
				B234710A20A379E100CFE81E /* Resources */,
			);
			buildRules = (
			);
			dependencies = (
			);
			name = ShopifyOrderSummaryPage;
			productName = ShopifyOrderSummaryPage;
			productReference = B234710C20A379E100CFE81E /* ShopifyOrderSummaryPage.app */;
			productType = "com.apple.product-type.application";
		};
/* End PBXNativeTarget section */

/* Begin PBXProject section */
		B234710420A379E100CFE81E /* Project object */ = {
			isa = PBXProject;
			attributes = {
				LastSwiftUpdateCheck = 0920;
				LastUpgradeCheck = 0920;
				ORGANIZATIONNAME = "Gabrielle Anderson";
				TargetAttributes = {
					B234710B20A379E100CFE81E = {
						CreatedOnToolsVersion = 9.2;
						ProvisioningStyle = Automatic;
					};
				};
			};
			buildConfigurationList = B234710720A379E100CFE81E /* Build configuration list for PBXProject "ShopifyOrderSummaryPage" */;
			compatibilityVersion = "Xcode 8.0";
			developmentRegion = en;
			hasScannedForEncodings = 0;
			knownRegions = (
				en,
				Base,
			);
			mainGroup = B234710320A379E100CFE81E;
			productRefGroup = B234710D20A379E100CFE81E /* Products */;
			projectDirPath = "";
			projectRoot = "";
			targets = (
				B234710B20A379E100CFE81E /* ShopifyOrderSummaryPage */,
			);
		};
/* End PBXProject section */

/* Begin PBXResourcesBuildPhase section */
		B234710A20A379E100CFE81E /* Resources */ = {
			isa = PBXResourcesBuildPhase;
			buildActionMask = 2147483647;
			files = (
				B234711A20A379E100CFE81E /* LaunchScreen.storyboard in Resources */,
				B234711720A379E100CFE81E /* Assets.xcassets in Resources */,
				B234711520A379E100CFE81E /* Main.storyboard in Resources */,
			);
			runOnlyForDeploymentPostprocessing = 0;
		};
/* End PBXResourcesBuildPhase section */

/* Begin PBXSourcesBuildPhase section */
		B234710820A379E100CFE81E /* Sources */ = {
			isa = PBXSourcesBuildPhase;
			buildActionMask = 2147483647;
			files = (
				B234711220A379E100CFE81E /* ViewController.swift in Sources */,
				B234711020A379E100CFE81E /* AppDelegate.swift in Sources */,
			);
			runOnlyForDeploymentPostprocessing = 0;
		};
/* End PBXSourcesBuildPhase section */

/* Begin PBXVariantGroup section */
		B234711320A379E100CFE81E /* Main.storyboard */ = {
			isa = PBXVariantGroup;
			children = (
				B234711420A379E100CFE81E /* Base */,
			);
			name = Main.storyboard;
			sourceTree = "<group>";
		};
		B234711820A379E100CFE81E /* LaunchScreen.storyboard */ = {
			isa = PBXVariantGroup;
			children = (
				B234711920A379E100CFE81E /* Base */,
			);
			name = LaunchScreen.storyboard;
			sourceTree = "<group>";
		};
/* End PBXVariantGroup section */

/* Begin XCBuildConfiguration section */
		B234711C20A379E100CFE81E /* Debug */ = {
			isa = XCBuildConfiguration;
			buildSettings = {
				ALWAYS_SEARCH_USER_PATHS = NO;
				CLANG_ANALYZER_NONNULL = YES;
				CLANG_ANALYZER_NUMBER_OBJECT_CONVERSION = YES_AGGRESSIVE;
				CLANG_CXX_LANGUAGE_STANDARD = "gnu++14";
				CLANG_CXX_LIBRARY = "libc++";
				CLANG_ENABLE_MODULES = YES;
				CLANG_ENABLE_OBJC_ARC = YES;
				CLANG_WARN_BLOCK_CAPTURE_AUTORELEASING = YES;
				CLANG_WARN_BOOL_CONVERSION = YES;
				CLANG_WARN_COMMA = YES;
				CLANG_WARN_CONSTANT_CONVERSION = YES;
				CLANG_WARN_DIRECT_OBJC_ISA_USAGE = YES_ERROR;
				CLANG_WARN_DOCUMENTATION_COMMENTS = YES;
				CLANG_WARN_EMPTY_BODY = YES;
				CLANG_WARN_ENUM_CONVERSION = YES;
				CLANG_WARN_INFINITE_RECURSION = YES;
				CLANG_WARN_INT_CONVERSION = YES;
				CLANG_WARN_NON_LITERAL_NULL_CONVERSION = YES;
				CLANG_WARN_OBJC_LITERAL_CONVERSION = YES;
				CLANG_WARN_OBJC_ROOT_CLASS = YES_ERROR;
				CLANG_WARN_RANGE_LOOP_ANALYSIS = YES;
				CLANG_WARN_STRICT_PROTOTYPES = YES;
				CLANG_WARN_SUSPICIOUS_MOVE = YES;
				CLANG_WARN_UNGUARDED_AVAILABILITY = YES_AGGRESSIVE;
				CLANG_WARN_UNREACHABLE_CODE = YES;
				CLANG_WARN__DUPLICATE_METHOD_MATCH = YES;
				CODE_SIGN_IDENTITY = "iPhone Developer";
				COPY_PHASE_STRIP = NO;
				DEBUG_INFORMATION_FORMAT = dwarf;
				ENABLE_STRICT_OBJC_MSGSEND = YES;
				ENABLE_TESTABILITY = YES;
				GCC_C_LANGUAGE_STANDARD = gnu11;
				GCC_DYNAMIC_NO_PIC = NO;
				GCC_NO_COMMON_BLOCKS = YES;
				GCC_OPTIMIZATION_LEVEL = 0;
				GCC_PREPROCESSOR_DEFINITIONS = (
					"DEBUG=1",
					"$(inherited)",
				);
				GCC_WARN_64_TO_32_BIT_CONVERSION = YES;
				GCC_WARN_ABOUT_RETURN_TYPE = YES_ERROR;
				GCC_WARN_UNDECLARED_SELECTOR = YES;
				GCC_WARN_UNINITIALIZED_AUTOS = YES_AGGRESSIVE;
				GCC_WARN_UNUSED_FUNCTION = YES;
				GCC_WARN_UNUSED_VARIABLE = YES;
				IPHONEOS_DEPLOYMENT_TARGET = 11.2;
				MTL_ENABLE_DEBUG_INFO = YES;
				ONLY_ACTIVE_ARCH = YES;
				SDKROOT = iphoneos;
				SWIFT_ACTIVE_COMPILATION_CONDITIONS = DEBUG;
				SWIFT_OPTIMIZATION_LEVEL = "-Onone";
			};
			name = Debug;
		};
		B234711D20A379E100CFE81E /* Release */ = {
			isa = XCBuildConfiguration;
			buildSettings = {
				ALWAYS_SEARCH_USER_PATHS = NO;
				CLANG_ANALYZER_NONNULL = YES;
				CLANG_ANALYZER_NUMBER_OBJECT_CONVERSION = YES_AGGRESSIVE;
				CLANG_CXX_LANGUAGE_STANDARD = "gnu++14";
				CLANG_CXX_LIBRARY = "libc++";
				CLANG_ENABLE_MODULES = YES;
				CLANG_ENABLE_OBJC_ARC = YES;
				CLANG_WARN_BLOCK_CAPTURE_AUTORELEASING = YES;
				CLANG_WARN_BOOL_CONVERSION = YES;
				CLANG_WARN_COMMA = YES;
				CLANG_WARN_CONSTANT_CONVERSION = YES;
				CLANG_WARN_DIRECT_OBJC_ISA_USAGE = YES_ERROR;
				CLANG_WARN_DOCUMENTATION_COMMENTS = YES;
				CLANG_WARN_EMPTY_BODY = YES;
				CLANG_WARN_ENUM_CONVERSION = YES;
				CLANG_WARN_INFINITE_RECURSION = YES;
				CLANG_WARN_INT_CONVERSION = YES;
				CLANG_WARN_NON_LITERAL_NULL_CONVERSION = YES;
				CLANG_WARN_OBJC_LITERAL_CONVERSION = YES;
				CLANG_WARN_OBJC_ROOT_CLASS = YES_ERROR;
				CLANG_WARN_RANGE_LOOP_ANALYSIS = YES;
				CLANG_WARN_STRICT_PROTOTYPES = YES;
				CLANG_WARN_SUSPICIOUS_MOVE = YES;
				CLANG_WARN_UNGUARDED_AVAILABILITY = YES_AGGRESSIVE;
				CLANG_WARN_UNREACHABLE_CODE = YES;
				CLANG_WARN__DUPLICATE_METHOD_MATCH = YES;
				CODE_SIGN_IDENTITY = "iPhone Developer";
				COPY_PHASE_STRIP = NO;
				DEBUG_INFORMATION_FORMAT = "dwarf-with-dsym";
				ENABLE_NS_ASSERTIONS = NO;
				ENABLE_STRICT_OBJC_MSGSEND = YES;
				GCC_C_LANGUAGE_STANDARD = gnu11;
				GCC_NO_COMMON_BLOCKS = YES;
				GCC_WARN_64_TO_32_BIT_CONVERSION = YES;
				GCC_WARN_ABOUT_RETURN_TYPE = YES_ERROR;
				GCC_WARN_UNDECLARED_SELECTOR = YES;
				GCC_WARN_UNINITIALIZED_AUTOS = YES_AGGRESSIVE;
				GCC_WARN_UNUSED_FUNCTION = YES;
				GCC_WARN_UNUSED_VARIABLE = YES;
				IPHONEOS_DEPLOYMENT_TARGET = 11.2;
				MTL_ENABLE_DEBUG_INFO = NO;
				SDKROOT = iphoneos;
				SWIFT_OPTIMIZATION_LEVEL = "-Owholemodule";
				VALIDATE_PRODUCT = YES;
			};
			name = Release;
		};
		B234711F20A379E100CFE81E /* Debug */ = {
			isa = XCBuildConfiguration;
			buildSettings = {
				ASSETCATALOG_COMPILER_APPICON_NAME = AppIcon;
				CODE_SIGN_STYLE = Automatic;
				INFOPLIST_FILE = ShopifyOrderSummaryPage/Info.plist;
				LD_RUNPATH_SEARCH_PATHS = "$(inherited) @executable_path/Frameworks";
				PRODUCT_BUNDLE_IDENTIFIER = practice.ShopifyOrderSummaryPage;
				PRODUCT_NAME = "$(TARGET_NAME)";
				SWIFT_VERSION = 4.0;
				TARGETED_DEVICE_FAMILY = "1,2";
			};
			name = Debug;
		};
		B234712020A379E100CFE81E /* Release */ = {
			isa = XCBuildConfiguration;
			buildSettings = {
				ASSETCATALOG_COMPILER_APPICON_NAME = AppIcon;
				CODE_SIGN_STYLE = Automatic;
				INFOPLIST_FILE = ShopifyOrderSummaryPage/Info.plist;
				LD_RUNPATH_SEARCH_PATHS = "$(inherited) @executable_path/Frameworks";
				PRODUCT_BUNDLE_IDENTIFIER = practice.ShopifyOrderSummaryPage;
				PRODUCT_NAME = "$(TARGET_NAME)";
				SWIFT_VERSION = 4.0;
				TARGETED_DEVICE_FAMILY = "1,2";
			};
			name = Release;
		};
/* End XCBuildConfiguration section */

/* Begin XCConfigurationList section */
		B234710720A379E100CFE81E /* Build configuration list for PBXProject "ShopifyOrderSummaryPage" */ = {
			isa = XCConfigurationList;
			buildConfigurations = (
				B234711C20A379E100CFE81E /* Debug */,
				B234711D20A379E100CFE81E /* Release */,
			);
			defaultConfigurationIsVisible = 0;
			defaultConfigurationName = Release;
		};
		B234711E20A379E100CFE81E /* Build configuration list for PBXNativeTarget "ShopifyOrderSummaryPage" */ = {
			isa = XCConfigurationList;
			buildConfigurations = (
				B234711F20A379E100CFE81E /* Debug */,
				B234712020A379E100CFE81E /* Release */,
			);
			defaultConfigurationIsVisible = 0;
			defaultConfigurationName = Release;
		};
/* End XCConfigurationList section */
	};
	rootObject = B234710420A379E100CFE81E /* Project object */;
}
